
Microsoft Visual Studio Solution File, Format Version 12.00
# Visual Studio Version 17
VisualStudioVersion = 17.14.36221.1
MinimumVisualStudioVersion = 10.0.40219.1
Project("{FAE04EC0-301F-11D3-BF4B-00C04F79EFBC}") = "WZHDotNetTrainingInPersonBatch1.ConsoleApp", "WZHDotNetTrainingInPersonBatch1.ConsoleApp\WZHDotNetTrainingInPersonBatch1.ConsoleApp.csproj", "{F99A8B7B-0C0E-41E1-970B-C12A4CF7F526}"
EndProject
Project("{2150E333-8FDC-42A3-9474-1A3956D46DE8}") = "Solution Item", "Solution Item", "{02EA681E-C7D8-13C7-8484-4AC65E1B71E8}"
	ProjectSection(SolutionItems) = preProject
		READM.md = READM.md
	EndProjectSection
EndProject
Global
	GlobalSection(SolutionConfigurationPlatforms) = preSolution
		Debug|Any CPU = Debug|Any CPU
		Release|Any CPU = Release|Any CPU
	EndGlobalSection
	GlobalSection(ProjectConfigurationPlatforms) = postSolution
		{F99A8B7B-0C0E-41E1-970B-C12A4CF7F526}.Debug|Any CPU.ActiveCfg = Debug|Any CPU
		{F99A8B7B-0C0E-41E1-970B-C12A4CF7F526}.Debug|Any CPU.Build.0 = Debug|Any CPU
		{F99A8B7B-0C0E-41E1-970B-C12A4CF7F526}.Release|Any CPU.ActiveCfg = Release|Any CPU
		{F99A8B7B-0C0E-41E1-970B-C12A4CF7F526}.Release|Any CPU.Build.0 = Release|Any CPU
	EndGlobalSection
	GlobalSection(SolutionProperties) = preSolution
		HideSolutionNode = FALSE
	EndGlobalSection
	GlobalSection(ExtensibilityGlobals) = postSolution
		SolutionGuid = {C8A44CC5-E7D0-40F6-AF76-B00C46D04115}
	EndGlobalSection
EndGlobal
